// !$*UTF8*$!
{
	archiveVersion = 1;
	classes = {
	};
	objectVersion = 46;
	objects = {

/* Begin PBXBuildFile section */
		FA214A671DB5C7C2003D793B /* CityTableViewCell.swift in Sources */ = {isa = PBXBuildFile; fileRef = FA214A661DB5C7C2003D793B /* CityTableViewCell.swift */; };
		FA214A711DB5C81F003D793B /* DataTypeViewController.swift in Sources */ = {isa = PBXBuildFile; fileRef = FA214A6A1DB5C81F003D793B /* DataTypeViewController.swift */; };
		FA214A721DB5C81F003D793B /* SetValueViewController.swift in Sources */ = {isa = PBXBuildFile; fileRef = FA214A6B1DB5C81F003D793B /* SetValueViewController.swift */; };
		FA214A731DB5C81F003D793B /* ViewController.swift in Sources */ = {isa = PBXBuildFile; fileRef = FA214A6C1DB5C81F003D793B /* ViewController.swift */; };
		FA214A741DB5C81F003D793B /* ButtonViewController.swift in Sources */ = {isa = PBXBuildFile; fileRef = FA214A6E1DB5C81F003D793B /* ButtonViewController.swift */; };
		FA214A751DB5C81F003D793B /* TableViewController.swift in Sources */ = {isa = PBXBuildFile; fileRef = FA214A6F1DB5C81F003D793B /* TableViewController.swift */; };
		FA214A761DB5C81F003D793B /* TextViewController.swift in Sources */ = {isa = PBXBuildFile; fileRef = FA214A701DB5C81F003D793B /* TextViewController.swift */; };
		FA214A7F1DB5D237003D793B /* city@2x.png in Resources */ = {isa = PBXBuildFile; fileRef = FA214A7E1DB5D237003D793B /* city@2x.png */; };
		FA214A811DB5D28A003D793B /* MyConstant.swift in Sources */ = {isa = PBXBuildFile; fileRef = FA214A801DB5D28A003D793B /* MyConstant.swift */; };
		FA214A851DB5D4A5003D793B /* AudioViewController.swift in Sources */ = {isa = PBXBuildFile; fileRef = FA214A841DB5D4A5003D793B /* AudioViewController.swift */; };
		FA214A871DB5D4B1003D793B /* VideoViewController.swift in Sources */ = {isa = PBXBuildFile; fileRef = FA214A861DB5D4B1003D793B /* VideoViewController.swift */; };
		FAE29BFE1DB4952B00E04D50 /* AppDelegate.swift in Sources */ = {isa = PBXBuildFile; fileRef = FAE29BFD1DB4952B00E04D50 /* AppDelegate.swift */; };
		FAE29C031DB4952B00E04D50 /* Main.storyboard in Resources */ = {isa = PBXBuildFile; fileRef = FAE29C011DB4952B00E04D50 /* Main.storyboard */; };
		FAE29C051DB4952B00E04D50 /* Assets.xcassets in Resources */ = {isa = PBXBuildFile; fileRef = FAE29C041DB4952B00E04D50 /* Assets.xcassets */; };
		FAE29C081DB4952B00E04D50 /* LaunchScreen.storyboard in Resources */ = {isa = PBXBuildFile; fileRef = FAE29C061DB4952B00E04D50 /* LaunchScreen.storyboard */; };
/* End PBXBuildFile section */

/* Begin PBXFileReference section */
		FA214A661DB5C7C2003D793B /* CityTableViewCell.swift */ = {isa = PBXFileReference; fileEncoding = 4; lastKnownFileType = sourcecode.swift; path = CityTableViewCell.swift; sourceTree = "<group>"; };
		FA214A6A1DB5C81F003D793B /* DataTypeViewController.swift */ = {isa = PBXFileReference; fileEncoding = 4; lastKnownFileType = sourcecode.swift; path = DataTypeViewController.swift; sourceTree = "<group>"; };
		FA214A6B1DB5C81F003D793B /* SetValueViewController.swift */ = {isa = PBXFileReference; fileEncoding = 4; lastKnownFileType = sourcecode.swift; path = SetValueViewController.swift; sourceTree = "<group>"; };
		FA214A6C1DB5C81F003D793B /* ViewController.swift */ = {isa = PBXFileReference; fileEncoding = 4; lastKnownFileType = sourcecode.swift; path = ViewController.swift; sourceTree = "<group>"; };
		FA214A6E1DB5C81F003D793B /* ButtonViewController.swift */ = {isa = PBXFileReference; fileEncoding = 4; lastKnownFileType = sourcecode.swift; path = ButtonViewController.swift; sourceTree = "<group>"; };
		FA214A6F1DB5C81F003D793B /* TableViewController.swift */ = {isa = PBXFileReference; fileEncoding = 4; lastKnownFileType = sourcecode.swift; path = TableViewController.swift; sourceTree = "<group>"; };
		FA214A701DB5C81F003D793B /* TextViewController.swift */ = {isa = PBXFileReference; fileEncoding = 4; lastKnownFileType = sourcecode.swift; path = TextViewController.swift; sourceTree = "<group>"; };
		FA214A7E1DB5D237003D793B /* city@2x.png */ = {isa = PBXFileReference; lastKnownFileType = image.png; path = "city@2x.png"; sourceTree = "<group>"; };
		FA214A801DB5D28A003D793B /* MyConstant.swift */ = {isa = PBXFileReference; fileEncoding = 4; lastKnownFileType = sourcecode.swift; path = MyConstant.swift; sourceTree = "<group>"; };
		FA214A841DB5D4A5003D793B /* AudioViewController.swift */ = {isa = PBXFileReference; fileEncoding = 4; lastKnownFileType = sourcecode.swift; path = AudioViewController.swift; sourceTree = "<group>"; };
		FA214A861DB5D4B1003D793B /* VideoViewController.swift */ = {isa = PBXFileReference; fileEncoding = 4; lastKnownFileType = sourcecode.swift; path = VideoViewController.swift; sourceTree = "<group>"; };
		FAE29BFA1DB4952B00E04D50 /* JJH_Swift3.app */ = {isa = PBXFileReference; explicitFileType = wrapper.application; includeInIndex = 0; path = JJH_Swift3.app; sourceTree = BUILT_PRODUCTS_DIR; };
		FAE29BFD1DB4952B00E04D50 /* AppDelegate.swift */ = {isa = PBXFileReference; lastKnownFileType = sourcecode.swift; path = AppDelegate.swift; sourceTree = "<group>"; };
		FAE29C021DB4952B00E04D50 /* Base */ = {isa = PBXFileReference; lastKnownFileType = file.storyboard; name = Base; path = Base.lproj/Main.storyboard; sourceTree = "<group>"; };
		FAE29C041DB4952B00E04D50 /* Assets.xcassets */ = {isa = PBXFileReference; lastKnownFileType = folder.assetcatalog; path = Assets.xcassets; sourceTree = "<group>"; };
		FAE29C071DB4952B00E04D50 /* Base */ = {isa = PBXFileReference; lastKnownFileType = file.storyboard; name = Base; path = Base.lproj/LaunchScreen.storyboard; sourceTree = "<group>"; };
		FAE29C091DB4952B00E04D50 /* Info.plist */ = {isa = PBXFileReference; lastKnownFileType = text.plist.xml; path = Info.plist; sourceTree = "<group>"; };
/* End PBXFileReference section */

/* Begin PBXFrameworksBuildPhase section */
		FAE29BF71DB4952B00E04D50 /* Frameworks */ = {
			isa = PBXFrameworksBuildPhase;
			buildActionMask = 2147483647;
			files = (
			);
			runOnlyForDeploymentPostprocessing = 0;
		};
/* End PBXFrameworksBuildPhase section */

/* Begin PBXGroup section */
		FA214A621DB5C77F003D793B /* Resource */ = {
			isa = PBXGroup;
			children = (
				FA214A821DB5D457003D793B /* Video */,
				FA214A7C1DB5D237003D793B /* Image */,
			);
			path = Resource;
			sourceTree = "<group>";
		};
		FA214A631DB5C77F003D793B /* Items */ = {
			isa = PBXGroup;
			children = (
			);
			path = Items;
			sourceTree = "<group>";
		};
		FA214A651DB5C79C003D793B /* Views */ = {
			isa = PBXGroup;
			children = (
				FA214A661DB5C7C2003D793B /* CityTableViewCell.swift */,
			);
			path = Views;
			sourceTree = "<group>";
		};
		FA214A681DB5C81F003D793B /* ViewController */ = {
			isa = PBXGroup;
			children = (
				FA214A6C1DB5C81F003D793B /* ViewController.swift */,
				FA214A691DB5C81F003D793B /* BaseInfo */,
				FA214A831DB5D472003D793B /* Video&Audio */,
				FA214A6D1DB5C81F003D793B /* Widgets */,
			);
			path = ViewController;
			sourceTree = "<group>";
		};
		FA214A691DB5C81F003D793B /* BaseInfo */ = {
			isa = PBXGroup;
			children = (
				FA214A6A1DB5C81F003D793B /* DataTypeViewController.swift */,
				FA214A6B1DB5C81F003D793B /* SetValueViewController.swift */,
			);
			path = BaseInfo;
			sourceTree = "<group>";
		};
		FA214A6D1DB5C81F003D793B /* Widgets */ = {
			isa = PBXGroup;
			children = (
				FA214A6E1DB5C81F003D793B /* ButtonViewController.swift */,
				FA214A6F1DB5C81F003D793B /* TableViewController.swift */,
				FA214A701DB5C81F003D793B /* TextViewController.swift */,
			);
			path = Widgets;
			sourceTree = "<group>";
		};
		FA214A7C1DB5D237003D793B /* Image */ = {
			isa = PBXGroup;
			children = (
				FA214A7D1DB5D237003D793B /* Widget */,
			);
			path = Image;
			sourceTree = "<group>";
		};
		FA214A7D1DB5D237003D793B /* Widget */ = {
			isa = PBXGroup;
			children = (
				FA214A7E1DB5D237003D793B /* city@2x.png */,
			);
			path = Widget;
			sourceTree = "<group>";
		};
		FA214A821DB5D457003D793B /* Video */ = {
			isa = PBXGroup;
			children = (
			);
			path = Video;
			sourceTree = "<group>";
		};
		FA214A831DB5D472003D793B /* Video&Audio */ = {
			isa = PBXGroup;
			children = (
				FA214A841DB5D4A5003D793B /* AudioViewController.swift */,
				FA214A861DB5D4B1003D793B /* VideoViewController.swift */,
			);
			path = "Video&Audio";
			sourceTree = "<group>";
		};
		FAE29BF11DB4952B00E04D50 = {
			isa = PBXGroup;
			children = (
				FAE29BFC1DB4952B00E04D50 /* JJH_Swift3 */,
				FAE29BFB1DB4952B00E04D50 /* Products */,
			);
			sourceTree = "<group>";
		};
		FAE29BFB1DB4952B00E04D50 /* Products */ = {
			isa = PBXGroup;
			children = (
				FAE29BFA1DB4952B00E04D50 /* JJH_Swift3.app */,
			);
			name = Products;
			sourceTree = "<group>";
		};
		FAE29BFC1DB4952B00E04D50 /* JJH_Swift3 */ = {
			isa = PBXGroup;
			children = (
				FA214A681DB5C81F003D793B /* ViewController */,
				FA214A651DB5C79C003D793B /* Views */,
				FA214A621DB5C77F003D793B /* Resource */,
				FA214A631DB5C77F003D793B /* Items */,
				FAE29BFD1DB4952B00E04D50 /* AppDelegate.swift */,
				FAE29C011DB4952B00E04D50 /* Main.storyboard */,
				FAE29C041DB4952B00E04D50 /* Assets.xcassets */,
				FAE29C061DB4952B00E04D50 /* LaunchScreen.storyboard */,
				FAE29C091DB4952B00E04D50 /* Info.plist */,
				FA214A801DB5D28A003D793B /* MyConstant.swift */,
			);
			path = JJH_Swift3;
			sourceTree = "<group>";
		};
/* End PBXGroup section */

/* Begin PBXNativeTarget section */
		FAE29BF91DB4952B00E04D50 /* JJH_Swift3 */ = {
			isa = PBXNativeTarget;
			buildConfigurationList = FAE29C0C1DB4952B00E04D50 /* Build configuration list for PBXNativeTarget "JJH_Swift3" */;
			buildPhases = (
				FAE29BF61DB4952B00E04D50 /* Sources */,
				FAE29BF71DB4952B00E04D50 /* Frameworks */,
				FAE29BF81DB4952B00E04D50 /* Resources */,
			);
			buildRules = (
			);
			dependencies = (
			);
			name = JJH_Swift3;
			productName = JJH_Swift3;
			productReference = FAE29BFA1DB4952B00E04D50 /* JJH_Swift3.app */;
			productType = "com.apple.product-type.application";
		};
/* End PBXNativeTarget section */

/* Begin PBXProject section */
		FAE29BF21DB4952B00E04D50 /* Project object */ = {
			isa = PBXProject;
			attributes = {
				LastSwiftUpdateCheck = 0800;
				LastUpgradeCheck = 0800;
				ORGANIZATIONNAME = com.TongHaoDevelopment;
				TargetAttributes = {
					FAE29BF91DB4952B00E04D50 = {
						CreatedOnToolsVersion = 8.0;
						ProvisioningStyle = Automatic;
					};
				};
			};
			buildConfigurationList = FAE29BF51DB4952B00E04D50 /* Build configuration list for PBXProject "JJH_Swift3" */;
			compatibilityVersion = "Xcode 3.2";
			developmentRegion = English;
			hasScannedForEncodings = 0;
			knownRegions = (
				en,
				Base,
			);
			mainGroup = FAE29BF11DB4952B00E04D50;
			productRefGroup = FAE29BFB1DB4952B00E04D50 /* Products */;
			projectDirPath = "";
			projectRoot = "";
			targets = (
				FAE29BF91DB4952B00E04D50 /* JJH_Swift3 */,
			);
		};
/* End PBXProject section */

/* Begin PBXResourcesBuildPhase section */
		FAE29BF81DB4952B00E04D50 /* Resources */ = {
			isa = PBXResourcesBuildPhase;
			buildActionMask = 2147483647;
			files = (
				FAE29C081DB4952B00E04D50 /* LaunchScreen.storyboard in Resources */,
				FA214A7F1DB5D237003D793B /* city@2x.png in Resources */,
				FAE29C051DB4952B00E04D50 /* Assets.xcassets in Resources */,
				FAE29C031DB4952B00E04D50 /* Main.storyboard in Resources */,
			);
			runOnlyForDeploymentPostprocessing = 0;
		};
/* End PBXResourcesBuildPhase section */

/* Begin PBXSourcesBuildPhase section */
		FAE29BF61DB4952B00E04D50 /* Sources */ = {
			isa = PBXSourcesBuildPhase;
			buildActionMask = 2147483647;
			files = (
				FA214A731DB5C81F003D793B /* ViewController.swift in Sources */,
				FA214A811DB5D28A003D793B /* MyConstant.swift in Sources */,
				FA214A751DB5C81F003D793B /* TableViewController.swift in Sources */,
				FA214A711DB5C81F003D793B /* DataTypeViewController.swift in Sources */,
				FAE29BFE1DB4952B00E04D50 /* AppDelegate.swift in Sources */,
				FA214A671DB5C7C2003D793B /* CityTableViewCell.swift in Sources */,
				FA214A871DB5D4B1003D793B /* VideoViewController.swift in Sources */,
				FA214A741DB5C81F003D793B /* ButtonViewController.swift in Sources */,
				FA214A721DB5C81F003D793B /* SetValueViewController.swift in Sources */,
				FA214A761DB5C81F003D793B /* TextViewController.swift in Sources */,
				FA214A851DB5D4A5003D793B /* AudioViewController.swift in Sources */,
			);
			runOnlyForDeploymentPostprocessing = 0;
		};
/* End PBXSourcesBuildPhase section */

/* Begin PBXVariantGroup section */
		FAE29C011DB4952B00E04D50 /* Main.storyboard */ = {
			isa = PBXVariantGroup;
			children = (
				FAE29C021DB4952B00E04D50 /* Base */,
			);
			name = Main.storyboard;
			sourceTree = "<group>";
		};
		FAE29C061DB4952B00E04D50 /* LaunchScreen.storyboard */ = {
			isa = PBXVariantGroup;
			children = (
				FAE29C071DB4952B00E04D50 /* Base */,
			);
			name = LaunchScreen.storyboard;
			sourceTree = "<group>";
		};
/* End PBXVariantGroup section */

/* Begin XCBuildConfiguration section */
		FAE29C0A1DB4952B00E04D50 /* Debug */ = {
			isa = XCBuildConfiguration;
			buildSettings = {
				ALWAYS_SEARCH_USER_PATHS = NO;
				CLANG_ANALYZER_NONNULL = YES;
				CLANG_CXX_LANGUAGE_STANDARD = "gnu++0x";
				CLANG_CXX_LIBRARY = "libc++";
				CLANG_ENABLE_MODULES = YES;
				CLANG_ENABLE_OBJC_ARC = YES;
				CLANG_WARN_BOOL_CONVERSION = YES;
				CLANG_WARN_CONSTANT_CONVERSION = YES;
				CLANG_WARN_DIRECT_OBJC_ISA_USAGE = YES_ERROR;
				CLANG_WARN_DOCUMENTATION_COMMENTS = YES;
				CLANG_WARN_EMPTY_BODY = YES;
				CLANG_WARN_ENUM_CONVERSION = YES;
				CLANG_WARN_INFINITE_RECURSION = YES;
				CLANG_WARN_INT_CONVERSION = YES;
				CLANG_WARN_OBJC_ROOT_CLASS = YES_ERROR;
				CLANG_WARN_SUSPICIOUS_MOVES = YES;
				CLANG_WARN_UNREACHABLE_CODE = YES;
				CLANG_WARN__DUPLICATE_METHOD_MATCH = YES;
				"CODE_SIGN_IDENTITY[sdk=iphoneos*]" = "iPhone Developer";
				COPY_PHASE_STRIP = NO;
				DEBUG_INFORMATION_FORMAT = dwarf;
				ENABLE_STRICT_OBJC_MSGSEND = YES;
				ENABLE_TESTABILITY = YES;
				GCC_C_LANGUAGE_STANDARD = gnu99;
				GCC_DYNAMIC_NO_PIC = NO;
				GCC_NO_COMMON_BLOCKS = YES;
				GCC_OPTIMIZATION_LEVEL = 0;
				GCC_PREPROCESSOR_DEFINITIONS = (
					"DEBUG=1",
					"$(inherited)",
				);
				GCC_WARN_64_TO_32_BIT_CONVERSION = YES;
				GCC_WARN_ABOUT_RETURN_TYPE = YES_ERROR;
				GCC_WARN_UNDECLARED_SELECTOR = YES;
				GCC_WARN_UNINITIALIZED_AUTOS = YES_AGGRESSIVE;
				GCC_WARN_UNUSED_FUNCTION = YES;
				GCC_WARN_UNUSED_VARIABLE = YES;
				IPHONEOS_DEPLOYMENT_TARGET = 10.0;
				MTL_ENABLE_DEBUG_INFO = YES;
				ONLY_ACTIVE_ARCH = YES;
				SDKROOT = iphoneos;
				SWIFT_ACTIVE_COMPILATION_CONDITIONS = DEBUG;
				SWIFT_OPTIMIZATION_LEVEL = "-Onone";
			};
			name = Debug;
		};
		FAE29C0B1DB4952B00E04D50 /* Release */ = {
			isa = XCBuildConfiguration;
			buildSettings = {
				ALWAYS_SEARCH_USER_PATHS = NO;
				CLANG_ANALYZER_NONNULL = YES;
				CLANG_CXX_LANGUAGE_STANDARD = "gnu++0x";
				CLANG_CXX_LIBRARY = "libc++";
				CLANG_ENABLE_MODULES = YES;
				CLANG_ENABLE_OBJC_ARC = YES;
				CLANG_WARN_BOOL_CONVERSION = YES;
				CLANG_WARN_CONSTANT_CONVERSION = YES;
				CLANG_WARN_DIRECT_OBJC_ISA_USAGE = YES_ERROR;
				CLANG_WARN_DOCUMENTATION_COMMENTS = YES;
				CLANG_WARN_EMPTY_BODY = YES;
				CLANG_WARN_ENUM_CONVERSION = YES;
				CLANG_WARN_INFINITE_RECURSION = YES;
				CLANG_WARN_INT_CONVERSION = YES;
				CLANG_WARN_OBJC_ROOT_CLASS = YES_ERROR;
				CLANG_WARN_SUSPICIOUS_MOVES = YES;
				CLANG_WARN_UNREACHABLE_CODE = YES;
				CLANG_WARN__DUPLICATE_METHOD_MATCH = YES;
				"CODE_SIGN_IDENTITY[sdk=iphoneos*]" = "iPhone Developer";
				COPY_PHASE_STRIP = NO;
				DEBUG_INFORMATION_FORMAT = "dwarf-with-dsym";
				ENABLE_NS_ASSERTIONS = NO;
				ENABLE_STRICT_OBJC_MSGSEND = YES;
				GCC_C_LANGUAGE_STANDARD = gnu99;
				GCC_NO_COMMON_BLOCKS = YES;
				GCC_WARN_64_TO_32_BIT_CONVERSION = YES;
				GCC_WARN_ABOUT_RETURN_TYPE = YES_ERROR;
				GCC_WARN_UNDECLARED_SELECTOR = YES;
				GCC_WARN_UNINITIALIZED_AUTOS = YES_AGGRESSIVE;
				GCC_WARN_UNUSED_FUNCTION = YES;
				GCC_WARN_UNUSED_VARIABLE = YES;
				IPHONEOS_DEPLOYMENT_TARGET = 10.0;
				MTL_ENABLE_DEBUG_INFO = NO;
				SDKROOT = iphoneos;
				SWIFT_OPTIMIZATION_LEVEL = "-Owholemodule";
				VALIDATE_PRODUCT = YES;
			};
			name = Release;
		};
		FAE29C0D1DB4952B00E04D50 /* Debug */ = {
			isa = XCBuildConfiguration;
			buildSettings = {
				ASSETCATALOG_COMPILER_APPICON_NAME = AppIcon;
				INFOPLIST_FILE = JJH_Swift3/Info.plist;
				LD_RUNPATH_SEARCH_PATHS = "$(inherited) @executable_path/Frameworks";
				PRODUCT_BUNDLE_IDENTIFIER = "com.TongHaoDevelopment.JJH-Swift3";
				PRODUCT_NAME = "$(TARGET_NAME)";
				SWIFT_VERSION = 3.0;
			};
			name = Debug;
		};
		FAE29C0E1DB4952B00E04D50 /* Release */ = {
			isa = XCBuildConfiguration;
			buildSettings = {
				ASSETCATALOG_COMPILER_APPICON_NAME = AppIcon;
				INFOPLIST_FILE = JJH_Swift3/Info.plist;
				LD_RUNPATH_SEARCH_PATHS = "$(inherited) @executable_path/Frameworks";
				PRODUCT_BUNDLE_IDENTIFIER = "com.TongHaoDevelopment.JJH-Swift3";
				PRODUCT_NAME = "$(TARGET_NAME)";
				SWIFT_VERSION = 3.0;
			};
			name = Release;
		};
/* End XCBuildConfiguration section */

/* Begin XCConfigurationList section */
		FAE29BF51DB4952B00E04D50 /* Build configuration list for PBXProject "JJH_Swift3" */ = {
			isa = XCConfigurationList;
			buildConfigurations = (
				FAE29C0A1DB4952B00E04D50 /* Debug */,
				FAE29C0B1DB4952B00E04D50 /* Release */,
			);
			defaultConfigurationIsVisible = 0;
			defaultConfigurationName = Release;
		};
		FAE29C0C1DB4952B00E04D50 /* Build configuration list for PBXNativeTarget "JJH_Swift3" */ = {
			isa = XCConfigurationList;
			buildConfigurations = (
				FAE29C0D1DB4952B00E04D50 /* Debug */,
				FAE29C0E1DB4952B00E04D50 /* Release */,
			);
			defaultConfigurationIsVisible = 0;
			defaultConfigurationName = Release;
		};
/* End XCConfigurationList section */
	};
	rootObject = FAE29BF21DB4952B00E04D50 /* Project object */;
}
